{
  "name": "cuke-json-html-bin",
  "version": "0.0.1",
  "lockfileVersion": 1,
  "requires": true,
  "dependencies": {
    "cucumber-html-reporter": {
      "version": "3.0.1",
      "resolved": "https://registry.npmjs.org/cucumber-html-reporter/-/cucumber-html-reporter-3.0.1.tgz",
      "integrity": "sha512-y9YMzU07jXGRF0xxzw0hcebhOvcHUZ0mh3DGZmMhmVkXE+Eh52RFhgT9WvqXFLi+4zIVw5S6JNEL3VRDX+/oZQ==",
      "requires": {
        "find": "0.2.7",
        "fs-extra": "3.0.1",
        "js-base64": "2.3.2",
        "jsonfile": "3.0.1",
        "lodash": "4.17.4",
        "open": "0.0.5"
      }
    },
    "find": {
      "version": "0.2.7",
      "resolved": "https://registry.npmjs.org/find/-/find-0.2.7.tgz",
      "integrity": "sha1-evvQD48IxbYi+Xzab3FBc9VHuz8=",
      "requires": {
        "traverse-chain": "0.1.0"
      }
    },
    "fs-extra": {
      "version": "3.0.1",
      "resolved": "https://registry.npmjs.org/fs-extra/-/fs-extra-3.0.1.tgz",
      "integrity": "sha1-N5TzeMWLNC6n27sjCVEJxLO2IpE=",
      "requires": {
        "graceful-fs": "4.1.11",
        "jsonfile": "3.0.1",
        "universalify": "0.1.1"
      }
    },
    "graceful-fs": {
      "version": "4.1.11",
      "resolved": "https://registry.npmjs.org/graceful-fs/-/graceful-fs-4.1.11.tgz",
      "integrity": "sha1-Dovf5NHduIVNZOBOp8AOKgJuVlg="
    },
    "js-base64": {
      "version": "2.3.2",
      "resolved": "https://registry.npmjs.org/js-base64/-/js-base64-2.3.2.tgz",
      "integrity": "sha512-Y2/+DnfJJXT1/FCwUebUhLWb3QihxiSC42+ctHLGogmW2jPY6LCapMdFZXRvVP2z6qyKW7s6qncE/9gSqZiArw=="
    },
    "jsonfile": {
      "version": "3.0.1",
      "resolved": "https://registry.npmjs.org/jsonfile/-/jsonfile-3.0.1.tgz",
      "integrity": "sha1-pezG9l9T9mLEQVx2daAzHQmS7GY=",
      "requires": {
        "graceful-fs": "4.1.11"
      }
    },
    "lodash": {
      "version": "4.17.4",
      "resolved": "https://registry.npmjs.org/lodash/-/lodash-4.17.4.tgz",
      "integrity": "sha1-eCA6TRwyiuHYbcpkYONptX9AVa4="
    },
    "minimist": {
      "version": "1.2.0",
      "resolved": "https://registry.npmjs.org/minimist/-/minimist-1.2.0.tgz",
      "integrity": "sha1-o1AIsg9BOD7sH7kU9M1d95omQoQ="
    },
    "open": {
      "version": "0.0.5",
      "resolved": "https://registry.npmjs.org/open/-/open-0.0.5.tgz",
      "integrity": "sha1-QsPhjslUZra/DcQvOilFw/DK2Pw="
    },
    "traverse-chain": {
      "version": "0.1.0",
      "resolved": "https://registry.npmjs.org/traverse-chain/-/traverse-chain-0.1.0.tgz",
      "integrity": "sha1-YdvC1Ttp/2CRoSoWj9fUMxB+QPE="
    },
    "universalify": {
      "version": "0.1.1",
      "resolved": "https://registry.npmjs.org/universalify/-/universalify-0.1.1.tgz",
      "integrity": "sha1-+nG63UQ3r0wUiEHjs7Fl+enlkLc="
    }
  }
}
